
Microsoft Visual Studio Solution File, Format Version 12.00
# Visual Studio Version 16
VisualStudioVersion = 16.0.28803.916
MinimumVisualStudioVersion = 10.0.40219.1
Project("{FAE04EC0-301F-11D3-BF4B-00C04F79EFBC}") = "WebApplication1", "WebApplication1\WebApplication1.csproj", "{917A8025-DBF8-4844-A54A-64FF45CBBB81}"
EndProject
Global
	GlobalSection(SolutionConfigurationPlatforms) = preSolution
		Debug|Any CPU = Debug|Any CPU
		Release|Any CPU = Release|Any CPU
	EndGlobalSection
	GlobalSection(ProjectConfigurationPlatforms) = postSolution
		{917A8025-DBF8-4844-A54A-64FF45CBBB81}.Debug|Any CPU.ActiveCfg = Debug|Any CPU
		{917A8025-DBF8-4844-A54A-64FF45CBBB81}.Debug|Any CPU.Build.0 = Debug|Any CPU
		{917A8025-DBF8-4844-A54A-64FF45CBBB81}.Release|Any CPU.ActiveCfg = Release|Any CPU
		{917A8025-DBF8-4844-A54A-64FF45CBBB81}.Release|Any CPU.Build.0 = Release|Any CPU
	EndGlobalSection
	GlobalSection(SolutionProperties) = preSolution
		HideSolutionNode = FALSE
	EndGlobalSection
	GlobalSection(ExtensibilityGlobals) = postSolution
		SolutionGuid = {4F262B83-AC70-4E68-953A-3AFD33269B00}
	EndGlobalSection
EndGlobal
